
Microsoft Visual Studio Solution File, Format Version 12.00
# Visual Studio Express 2012 for Web
Project("{FAE04EC0-301F-11D3-BF4B-00C04F79EFBC}") = "Sandbox", "Sandbox\Sandbox.csproj", "{DE2C743C-D13E-4EC9-8AF4-A5661E671A85}"
EndProject
Global
	GlobalSection(SolutionConfigurationPlatforms) = preSolution
		Debug|Any CPU = Debug|Any CPU
		Release|Any CPU = Release|Any CPU
	EndGlobalSection
	GlobalSection(ProjectConfigurationPlatforms) = postSolution
		{DE2C743C-D13E-4EC9-8AF4-A5661E671A85}.Debug|Any CPU.ActiveCfg = Debug|Any CPU
		{DE2C743C-D13E-4EC9-8AF4-A5661E671A85}.Debug|Any CPU.Build.0 = Debug|Any CPU
		{DE2C743C-D13E-4EC9-8AF4-A5661E671A85}.Release|Any CPU.ActiveCfg = Release|Any CPU
		{DE2C743C-D13E-4EC9-8AF4-A5661E671A85}.Release|Any CPU.Build.0 = Release|Any CPU
	EndGlobalSection
	GlobalSection(SolutionProperties) = preSolution
		HideSolutionNode = FALSE
	EndGlobalSection
EndGlobal
